
Microsoft Visual Studio Solution File, Format Version 12.00
# Visual Studio Version 16
VisualStudioVersion = 16.0.31410.357
MinimumVisualStudioVersion = 10.0.40219.1
Project("{8BC9CEB8-8B4A-11D0-8D11-00A0C91BC942}") = "Labirent Simülasyon", "Labirent Simülasyon\Labirent Simülasyon.vcxproj", "{A76DC184-3B4D-4349-81C8-3FEF6C59C23D}"
EndProject
Global
	GlobalSection(SolutionConfigurationPlatforms) = preSolution
		Debug|x64 = Debug|x64
		Debug|x86 = Debug|x86
		Release|x64 = Release|x64
		Release|x86 = Release|x86
	EndGlobalSection
	GlobalSection(ProjectConfigurationPlatforms) = postSolution
		{A76DC184-3B4D-4349-81C8-3FEF6C59C23D}.Debug|x64.ActiveCfg = Debug|x64
		{A76DC184-3B4D-4349-81C8-3FEF6C59C23D}.Debug|x64.Build.0 = Debug|x64
		{A76DC184-3B4D-4349-81C8-3FEF6C59C23D}.Debug|x86.ActiveCfg = Debug|Win32
		{A76DC184-3B4D-4349-81C8-3FEF6C59C23D}.Debug|x86.Build.0 = Debug|Win32
		{A76DC184-3B4D-4349-81C8-3FEF6C59C23D}.Release|x64.ActiveCfg = Release|x64
		{A76DC184-3B4D-4349-81C8-3FEF6C59C23D}.Release|x64.Build.0 = Release|x64
		{A76DC184-3B4D-4349-81C8-3FEF6C59C23D}.Release|x86.ActiveCfg = Release|Win32
		{A76DC184-3B4D-4349-81C8-3FEF6C59C23D}.Release|x86.Build.0 = Release|Win32
	EndGlobalSection
	GlobalSection(SolutionProperties) = preSolution
		HideSolutionNode = FALSE
	EndGlobalSection
	GlobalSection(ExtensibilityGlobals) = postSolution
		SolutionGuid = {B73EB5C0-B402-4A72-B210-543C7A93ED79}
	EndGlobalSection
EndGlobal
